
Microsoft Visual Studio Solution File, Format Version 12.00
# Visual Studio Version 16
VisualStudioVersion = 16.0.30611.23
MinimumVisualStudioVersion = 10.0.40219.1
Project("{FAE04EC0-301F-11D3-BF4B-00C04F79EFBC}") = "Phonebook.Android", "Phonebook\Phonebook.Android\Phonebook.Android.csproj", "{D3C8E569-9D37-43D9-8DF9-0CF568DF6CF1}"
EndProject
Project("{FAE04EC0-301F-11D3-BF4B-00C04F79EFBC}") = "Phonebook.iOS", "Phonebook\Phonebook.iOS\Phonebook.iOS.csproj", "{9A7EF3AE-F32F-4F4E-8A89-E9D5E123C632}"
EndProject
Project("{FAE04EC0-301F-11D3-BF4B-00C04F79EFBC}") = "Phonebook", "Phonebook\Phonebook\Phonebook.csproj", "{7171C9D4-CE36-4AAB-A8C1-F3488D34421D}"
EndProject
Global
	GlobalSection(SolutionConfigurationPlatforms) = preSolution
		Debug|Any CPU = Debug|Any CPU
		Debug|iPhone = Debug|iPhone
		Debug|iPhoneSimulator = Debug|iPhoneSimulator
		Release|Any CPU = Release|Any CPU
		Release|iPhone = Release|iPhone
		Release|iPhoneSimulator = Release|iPhoneSimulator
	EndGlobalSection
	GlobalSection(ProjectConfigurationPlatforms) = postSolution
		{D3C8E569-9D37-43D9-8DF9-0CF568DF6CF1}.Debug|Any CPU.ActiveCfg = Debug|Any CPU
		{D3C8E569-9D37-43D9-8DF9-0CF568DF6CF1}.Debug|Any CPU.Build.0 = Debug|Any CPU
		{D3C8E569-9D37-43D9-8DF9-0CF568DF6CF1}.Debug|Any CPU.Deploy.0 = Debug|Any CPU
		{D3C8E569-9D37-43D9-8DF9-0CF568DF6CF1}.Debug|iPhone.ActiveCfg = Debug|Any CPU
		{D3C8E569-9D37-43D9-8DF9-0CF568DF6CF1}.Debug|iPhone.Build.0 = Debug|Any CPU
		{D3C8E569-9D37-43D9-8DF9-0CF568DF6CF1}.Debug|iPhone.Deploy.0 = Debug|Any CPU
		{D3C8E569-9D37-43D9-8DF9-0CF568DF6CF1}.Debug|iPhoneSimulator.ActiveCfg = Debug|Any CPU
		{D3C8E569-9D37-43D9-8DF9-0CF568DF6CF1}.Debug|iPhoneSimulator.Build.0 = Debug|Any CPU
		{D3C8E569-9D37-43D9-8DF9-0CF568DF6CF1}.Debug|iPhoneSimulator.Deploy.0 = Debug|Any CPU
		{D3C8E569-9D37-43D9-8DF9-0CF568DF6CF1}.Release|Any CPU.ActiveCfg = Release|Any CPU
		{D3C8E569-9D37-43D9-8DF9-0CF568DF6CF1}.Release|Any CPU.Build.0 = Release|Any CPU
		{D3C8E569-9D37-43D9-8DF9-0CF568DF6CF1}.Release|Any CPU.Deploy.0 = Release|Any CPU
		{D3C8E569-9D37-43D9-8DF9-0CF568DF6CF1}.Release|iPhone.ActiveCfg = Release|Any CPU
		{D3C8E569-9D37-43D9-8DF9-0CF568DF6CF1}.Release|iPhone.Build.0 = Release|Any CPU
		{D3C8E569-9D37-43D9-8DF9-0CF568DF6CF1}.Release|iPhone.Deploy.0 = Release|Any CPU
		{D3C8E569-9D37-43D9-8DF9-0CF568DF6CF1}.Release|iPhoneSimulator.ActiveCfg = Release|Any CPU
		{D3C8E569-9D37-43D9-8DF9-0CF568DF6CF1}.Release|iPhoneSimulator.Build.0 = Release|Any CPU
		{D3C8E569-9D37-43D9-8DF9-0CF568DF6CF1}.Release|iPhoneSimulator.Deploy.0 = Release|Any CPU
		{9A7EF3AE-F32F-4F4E-8A89-E9D5E123C632}.Debug|Any CPU.ActiveCfg = Debug|iPhone
		{9A7EF3AE-F32F-4F4E-8A89-E9D5E123C632}.Debug|Any CPU.Build.0 = Debug|iPhone
		{9A7EF3AE-F32F-4F4E-8A89-E9D5E123C632}.Debug|Any CPU.Deploy.0 = Debug|iPhone
		{9A7EF3AE-F32F-4F4E-8A89-E9D5E123C632}.Debug|iPhone.ActiveCfg = Debug|iPhone
		{9A7EF3AE-F32F-4F4E-8A89-E9D5E123C632}.Debug|iPhone.Build.0 = Debug|iPhone
		{9A7EF3AE-F32F-4F4E-8A89-E9D5E123C632}.Debug|iPhone.Deploy.0 = Debug|iPhone
		{9A7EF3AE-F32F-4F4E-8A89-E9D5E123C632}.Debug|iPhoneSimulator.ActiveCfg = Debug|iPhoneSimulator
		{9A7EF3AE-F32F-4F4E-8A89-E9D5E123C632}.Debug|iPhoneSimulator.Build.0 = Debug|iPhoneSimulator
		{9A7EF3AE-F32F-4F4E-8A89-E9D5E123C632}.Debug|iPhoneSimulator.Deploy.0 = Debug|iPhoneSimulator
		{9A7EF3AE-F32F-4F4E-8A89-E9D5E123C632}.Release|Any CPU.ActiveCfg = Release|iPhoneSimulator
		{9A7EF3AE-F32F-4F4E-8A89-E9D5E123C632}.Release|Any CPU.Build.0 = Release|iPhoneSimulator
		{9A7EF3AE-F32F-4F4E-8A89-E9D5E123C632}.Release|Any CPU.Deploy.0 = Release|iPhoneSimulator
		{9A7EF3AE-F32F-4F4E-8A89-E9D5E123C632}.Release|iPhone.ActiveCfg = Release|iPhone
		{9A7EF3AE-F32F-4F4E-8A89-E9D5E123C632}.Release|iPhone.Build.0 = Release|iPhone
		{9A7EF3AE-F32F-4F4E-8A89-E9D5E123C632}.Release|iPhone.Deploy.0 = Release|iPhone
		{9A7EF3AE-F32F-4F4E-8A89-E9D5E123C632}.Release|iPhoneSimulator.ActiveCfg = Release|iPhoneSimulator
		{9A7EF3AE-F32F-4F4E-8A89-E9D5E123C632}.Release|iPhoneSimulator.Build.0 = Release|iPhoneSimulator
		{9A7EF3AE-F32F-4F4E-8A89-E9D5E123C632}.Release|iPhoneSimulator.Deploy.0 = Release|iPhoneSimulator
		{7171C9D4-CE36-4AAB-A8C1-F3488D34421D}.Debug|Any CPU.ActiveCfg = Debug|Any CPU
		{7171C9D4-CE36-4AAB-A8C1-F3488D34421D}.Debug|Any CPU.Build.0 = Debug|Any CPU
		{7171C9D4-CE36-4AAB-A8C1-F3488D34421D}.Debug|Any CPU.Deploy.0 = Debug|Any CPU
		{7171C9D4-CE36-4AAB-A8C1-F3488D34421D}.Debug|iPhone.ActiveCfg = Debug|Any CPU
		{7171C9D4-CE36-4AAB-A8C1-F3488D34421D}.Debug|iPhone.Build.0 = Debug|Any CPU
		{7171C9D4-CE36-4AAB-A8C1-F3488D34421D}.Debug|iPhone.Deploy.0 = Debug|Any CPU
		{7171C9D4-CE36-4AAB-A8C1-F3488D34421D}.Debug|iPhoneSimulator.ActiveCfg = Debug|Any CPU
		{7171C9D4-CE36-4AAB-A8C1-F3488D34421D}.Debug|iPhoneSimulator.Build.0 = Debug|Any CPU
		{7171C9D4-CE36-4AAB-A8C1-F3488D34421D}.Debug|iPhoneSimulator.Deploy.0 = Debug|Any CPU
		{7171C9D4-CE36-4AAB-A8C1-F3488D34421D}.Release|Any CPU.ActiveCfg = Release|Any CPU
		{7171C9D4-CE36-4AAB-A8C1-F3488D34421D}.Release|Any CPU.Build.0 = Release|Any CPU
		{7171C9D4-CE36-4AAB-A8C1-F3488D34421D}.Release|Any CPU.Deploy.0 = Release|Any CPU
		{7171C9D4-CE36-4AAB-A8C1-F3488D34421D}.Release|iPhone.ActiveCfg = Release|Any CPU
		{7171C9D4-CE36-4AAB-A8C1-F3488D34421D}.Release|iPhone.Build.0 = Release|Any CPU
		{7171C9D4-CE36-4AAB-A8C1-F3488D34421D}.Release|iPhone.Deploy.0 = Release|Any CPU
		{7171C9D4-CE36-4AAB-A8C1-F3488D34421D}.Release|iPhoneSimulator.ActiveCfg = Release|Any CPU
		{7171C9D4-CE36-4AAB-A8C1-F3488D34421D}.Release|iPhoneSimulator.Build.0 = Release|Any CPU
		{7171C9D4-CE36-4AAB-A8C1-F3488D34421D}.Release|iPhoneSimulator.Deploy.0 = Release|Any CPU
	EndGlobalSection
	GlobalSection(SolutionProperties) = preSolution
		HideSolutionNode = FALSE
	EndGlobalSection
	GlobalSection(ExtensibilityGlobals) = postSolution
		SolutionGuid = {BB8FB8AF-4373-473F-9FC6-2BDF111EC153}
	EndGlobalSection
EndGlobal
